{
  "name": "404z.cn",
  "version": "0.0.0",
  "lockfileVersion": 3,
  "requires": true,
  "packages": {
    "": {
      "name": "404z.cn",
      "version": "0.0.0",
      "devDependencies": {
        "@svgdotjs/svg.js": "^3.1.2"
      }
    },
    "node_modules/@svgdotjs/svg.js": {
      "version": "3.1.2",
      "resolved": "https://registry.npmjs.org/@svgdotjs/svg.js/-/svg.js-3.1.2.tgz",
      "integrity": "sha512-0ZCWTiuRjCXT2SUoVDiu+8DLuRQlkxZbO680Y2QkV7jNsULzJajrx6A3MxA/IBQg6UGV5csgPZ8w7U57hZSK+A==",
      "dev": true,
      "funding": {
        "type": "github",
        "url": "https://github.com/sponsors/Fuzzyma"
      }
    }
  }
}
