{
  "name": "404z.cn",
  "version": "0.0.0",
  "lockfileVersion": 3,
  "requires": true,
  "packages": {
    "": {
      "name": "404z.cn",
      "version": "0.0.0",
      "devDependencies": {
        "@ali1416/qrcode-encoder": "^1.1.3"
      }
    },
    "node_modules/@ali1416/qrcode-encoder": {
      "version": "1.1.3",
      "resolved": "https://registry.npmjs.org/@ali1416/qrcode-encoder/-/qrcode-encoder-1.1.3.tgz",
      "integrity": "sha512-w1gSKrwK1Q1Xj7mteR5kBNrPA56znQiUh3L7qLDUewluHvrgFcJDpdxWdBL+9G7lLImsS259AbrbQLsHkHC7UA==",
      "dev": true,
      "engines": {
        "node": ">=14.0.0"
      }
    }
  }
}
