{
  "name": "404z.cn",
  "version": "0.0.0",
  "lockfileVersion": 3,
  "requires": true,
  "packages": {
    "": {
      "name": "404z.cn",
      "version": "0.0.0",
      "devDependencies": {
        "@ali1416/qrcode-encoder": "^1.1.0"
      }
    },
    "node_modules/@ali1416/qrcode-encoder": {
      "version": "1.1.0",
      "resolved": "https://registry.npmjs.org/@ali1416/qrcode-encoder/-/qrcode-encoder-1.1.0.tgz",
      "integrity": "sha512-Wj0RgV+g6+fnQ6PtXM5a+/gurVD1m194O8Kv31kL9g8oQ3LGGSY1bkZiJbFQlV+CaIU1l3hMDR7Bw7fljLSK9Q==",
      "dev": true,
      "engines": {
        "node": ">=14.0.0"
      }
    }
  }
}
